
Microsoft Visual Studio Solution File, Format Version 12.00
# Visual Studio Version 17
VisualStudioVersion = 17.9.34607.119
MinimumVisualStudioVersion = 10.0.40219.1
Project("{9A19103F-16F7-4668-BE54-9A1E7A4F7556}") = "ApplicationCore", "PasswordGenLib\ApplicationCore.csproj", "{C325AE95-8AF9-4D0C-9C27-05746B6F1933}"
EndProject
Project("{9A19103F-16F7-4668-BE54-9A1E7A4F7556}") = "Infrastructure", "Infrastructure\Infrastructure.csproj", "{337BE11D-4865-480F-972A-320C677A47C8}"
EndProject
Project("{FAE04EC0-301F-11D3-BF4B-00C04F79EFBC}") = "WebApp", "WebApp\WebApp.csproj", "{06FA0852-DF3C-4320-9B4D-11CCC0110F7B}"
EndProject
Global
	GlobalSection(SolutionConfigurationPlatforms) = preSolution
		Debug|Any CPU = Debug|Any CPU
		Release|Any CPU = Release|Any CPU
	EndGlobalSection
	GlobalSection(ProjectConfigurationPlatforms) = postSolution
		{C325AE95-8AF9-4D0C-9C27-05746B6F1933}.Debug|Any CPU.ActiveCfg = Debug|Any CPU
		{C325AE95-8AF9-4D0C-9C27-05746B6F1933}.Debug|Any CPU.Build.0 = Debug|Any CPU
		{C325AE95-8AF9-4D0C-9C27-05746B6F1933}.Release|Any CPU.ActiveCfg = Release|Any CPU
		{C325AE95-8AF9-4D0C-9C27-05746B6F1933}.Release|Any CPU.Build.0 = Release|Any CPU
		{337BE11D-4865-480F-972A-320C677A47C8}.Debug|Any CPU.ActiveCfg = Debug|Any CPU
		{337BE11D-4865-480F-972A-320C677A47C8}.Debug|Any CPU.Build.0 = Debug|Any CPU
		{337BE11D-4865-480F-972A-320C677A47C8}.Release|Any CPU.ActiveCfg = Release|Any CPU
		{337BE11D-4865-480F-972A-320C677A47C8}.Release|Any CPU.Build.0 = Release|Any CPU
		{06FA0852-DF3C-4320-9B4D-11CCC0110F7B}.Debug|Any CPU.ActiveCfg = Debug|Any CPU
		{06FA0852-DF3C-4320-9B4D-11CCC0110F7B}.Debug|Any CPU.Build.0 = Debug|Any CPU
		{06FA0852-DF3C-4320-9B4D-11CCC0110F7B}.Release|Any CPU.ActiveCfg = Release|Any CPU
		{06FA0852-DF3C-4320-9B4D-11CCC0110F7B}.Release|Any CPU.Build.0 = Release|Any CPU
	EndGlobalSection
	GlobalSection(SolutionProperties) = preSolution
		HideSolutionNode = FALSE
	EndGlobalSection
	GlobalSection(ExtensibilityGlobals) = postSolution
		SolutionGuid = {A571996E-71DE-4662-B99B-01F925F2C9E4}
	EndGlobalSection
EndGlobal
